
Microsoft Visual Studio Solution File, Format Version 12.00
# Visual Studio 15
VisualStudioVersion = 15.0.26730.15
MinimumVisualStudioVersion = 10.0.40219.1
Project("{E24C65DC-7377-472B-9ABA-BC803B73C61A}") = "Manager", "Manager", "{3C42C27E-33C6-4AA7-8E53-96CF14B4CE13}"
	ProjectSection(WebsiteProperties) = preProject
		SccProjectName = "SAK"
		SccAuxPath = "SAK"
		SccLocalPath = "SAK"
		SccProvider = "SAK"
		TargetFrameworkMoniker = ".NETFramework,Version%3Dv4.0"
		Debug.AspNetCompiler.VirtualPath = "/localhost_61282"
		Debug.AspNetCompiler.PhysicalPath = "Manager\"
		Debug.AspNetCompiler.TargetPath = "PrecompiledWeb\localhost_61282\"
		Debug.AspNetCompiler.Updateable = "true"
		Debug.AspNetCompiler.ForceOverwrite = "true"
		Debug.AspNetCompiler.FixedNames = "false"
		Debug.AspNetCompiler.Debug = "True"
		Release.AspNetCompiler.VirtualPath = "/localhost_61282"
		Release.AspNetCompiler.PhysicalPath = "Manager\"
		Release.AspNetCompiler.TargetPath = "PrecompiledWeb\localhost_61282\"
		Release.AspNetCompiler.Updateable = "true"
		Release.AspNetCompiler.ForceOverwrite = "true"
		Release.AspNetCompiler.FixedNames = "false"
		Release.AspNetCompiler.Debug = "False"
		VWDPort = "61282"
		SlnRelativePath = "Manager\"
		DefaultWebSiteLanguage = "Visual C#"
	EndProjectSection
EndProject
Global
	GlobalSection(SolutionConfigurationPlatforms) = preSolution
		Debug|Any CPU = Debug|Any CPU
		Release|Any CPU = Release|Any CPU
	EndGlobalSection
	GlobalSection(ProjectConfigurationPlatforms) = postSolution
		{3C42C27E-33C6-4AA7-8E53-96CF14B4CE13}.Debug|Any CPU.ActiveCfg = Debug|Any CPU
		{3C42C27E-33C6-4AA7-8E53-96CF14B4CE13}.Debug|Any CPU.Build.0 = Debug|Any CPU
		{3C42C27E-33C6-4AA7-8E53-96CF14B4CE13}.Release|Any CPU.ActiveCfg = Debug|Any CPU
		{3C42C27E-33C6-4AA7-8E53-96CF14B4CE13}.Release|Any CPU.Build.0 = Debug|Any CPU
	EndGlobalSection
	GlobalSection(SolutionProperties) = preSolution
		HideSolutionNode = FALSE
	EndGlobalSection
	GlobalSection(ExtensibilityGlobals) = postSolution
		SolutionGuid = {BB9C0311-ECCC-4601-A9BD-364CFDB56FA0}
	EndGlobalSection
	GlobalSection(TeamFoundationVersionControl) = preSolution
		SccNumberOfProjects = 2
		SccEnterpriseProvider = {4CA58AB2-18FA-4F8D-95D4-32DDF27D184C}
		SccTeamFoundationServer = https://wf.visualstudio.com/defaultcollection
		SccLocalPath0 = .
		SccWebProject1 = true
		SccProjectUniqueName1 = Manager
		SccProjectName1 = Manager
		SccLocalPath1 = Manager
		SccProjectEnlistmentChoice1 = 2
	EndGlobalSection
EndGlobal
